
Microsoft Visual Studio Solution File, Format Version 12.00
# Visual Studio Version 16
VisualStudioVersion = 16.0.31424.327
MinimumVisualStudioVersion = 10.0.40219.1
Project("{FAE04EC0-301F-11D3-BF4B-00C04F79EFBC}") = "ArdalisKata1", "FileLogger\ArdalisKata1.csproj", "{9FFC9B00-67CE-47D6-AE49-1E3EDB96EEF1}"
EndProject
Global
	GlobalSection(SolutionConfigurationPlatforms) = preSolution
		Debug|Any CPU = Debug|Any CPU
		Release|Any CPU = Release|Any CPU
	EndGlobalSection
	GlobalSection(ProjectConfigurationPlatforms) = postSolution
		{9FFC9B00-67CE-47D6-AE49-1E3EDB96EEF1}.Debug|Any CPU.ActiveCfg = Debug|Any CPU
		{9FFC9B00-67CE-47D6-AE49-1E3EDB96EEF1}.Debug|Any CPU.Build.0 = Debug|Any CPU
		{9FFC9B00-67CE-47D6-AE49-1E3EDB96EEF1}.Release|Any CPU.ActiveCfg = Release|Any CPU
		{9FFC9B00-67CE-47D6-AE49-1E3EDB96EEF1}.Release|Any CPU.Build.0 = Release|Any CPU
	EndGlobalSection
	GlobalSection(SolutionProperties) = preSolution
		HideSolutionNode = FALSE
	EndGlobalSection
	GlobalSection(ExtensibilityGlobals) = postSolution
		SolutionGuid = {D68BC5AC-9F25-4D26-9B63-00BB2ECE7D27}
	EndGlobalSection
EndGlobal
